
Microsoft Visual Studio Solution File, Format Version 12.00
# Visual Studio Version 17
VisualStudioVersion = 17.9.34728.123
MinimumVisualStudioVersion = 10.0.40219.1
Project("{9A19103F-16F7-4668-BE54-9A1E7A4F7556}") = "SupermarketWEB", "SupermarketWEB.csproj", "{7A531DA9-33CB-4C5C-9054-2BB386DE9A21}"
EndProject
Global
	GlobalSection(SolutionConfigurationPlatforms) = preSolution
		Debug|Any CPU = Debug|Any CPU
		Release|Any CPU = Release|Any CPU
	EndGlobalSection
	GlobalSection(ProjectConfigurationPlatforms) = postSolution
		{7A531DA9-33CB-4C5C-9054-2BB386DE9A21}.Debug|Any CPU.ActiveCfg = Debug|Any CPU
		{7A531DA9-33CB-4C5C-9054-2BB386DE9A21}.Debug|Any CPU.Build.0 = Debug|Any CPU
		{7A531DA9-33CB-4C5C-9054-2BB386DE9A21}.Release|Any CPU.ActiveCfg = Release|Any CPU
		{7A531DA9-33CB-4C5C-9054-2BB386DE9A21}.Release|Any CPU.Build.0 = Release|Any CPU
	EndGlobalSection
	GlobalSection(SolutionProperties) = preSolution
		HideSolutionNode = FALSE
	EndGlobalSection
	GlobalSection(ExtensibilityGlobals) = postSolution
		SolutionGuid = {C25E1C0D-E446-4837-89B6-B56BABE332FE}
	EndGlobalSection
EndGlobal
